// !$*UTF8*$!
{
	archiveVersion = 1;
	classes = {
	};
	objectVersion = 46;
	objects = {

/* Begin PBXBuildFile section */
		50F59C851B15C4060008FD57 /* AppDelegate.swift in Sources */ = {isa = PBXBuildFile; fileRef = 50F59C841B15C4060008FD57 /* AppDelegate.swift */; };
		50F59C871B15C4060008FD57 /* ViewController.swift in Sources */ = {isa = PBXBuildFile; fileRef = 50F59C861B15C4060008FD57 /* ViewController.swift */; };
		50F59C8A1B15C4060008FD57 /* Main.storyboard in Resources */ = {isa = PBXBuildFile; fileRef = 50F59C881B15C4060008FD57 /* Main.storyboard */; };
		50F59C8C1B15C4060008FD57 /* Images.xcassets in Resources */ = {isa = PBXBuildFile; fileRef = 50F59C8B1B15C4060008FD57 /* Images.xcassets */; };
		50F59C8F1B15C4060008FD57 /* LaunchScreen.xib in Resources */ = {isa = PBXBuildFile; fileRef = 50F59C8D1B15C4060008FD57 /* LaunchScreen.xib */; };
		50F59C9B1B15C4070008FD57 /* WeatherFrontTests.swift in Sources */ = {isa = PBXBuildFile; fileRef = 50F59C9A1B15C4070008FD57 /* WeatherFrontTests.swift */; };
		50F59CA51B15C5F00008FD57 /* WeatherDataSource.swift in Sources */ = {isa = PBXBuildFile; fileRef = 50F59CA41B15C5F00008FD57 /* WeatherDataSource.swift */; };
		50F59CA91B15C6A00008FD57 /* DestinationUIViewController.swift in Sources */ = {isa = PBXBuildFile; fileRef = 50F59CA81B15C6A00008FD57 /* DestinationUIViewController.swift */; };
		50F59CAD1B16268D0008FD57 /* YUI.swift in Sources */ = {isa = PBXBuildFile; fileRef = 50F59CAC1B16268D0008FD57 /* YUI.swift */; };
		50F59CCB1B1890CB0008FD57 /* clear_n.gif in Resources */ = {isa = PBXBuildFile; fileRef = 50F59CAE1B1890CB0008FD57 /* clear_n.gif */; };
		50F59CCC1B1890CB0008FD57 /* drizzle.gif in Resources */ = {isa = PBXBuildFile; fileRef = 50F59CAF1B1890CB0008FD57 /* drizzle.gif */; };
		50F59CCD1B1890CB0008FD57 /* dust.gif in Resources */ = {isa = PBXBuildFile; fileRef = 50F59CB01B1890CB0008FD57 /* dust.gif */; };
		50F59CCE1B1890CB0008FD57 /* fair_n.gif in Resources */ = {isa = PBXBuildFile; fileRef = 50F59CB11B1890CB0008FD57 /* fair_n.gif */; };
		50F59CCF1B1890CB0008FD57 /* fair.gif in Resources */ = {isa = PBXBuildFile; fileRef = 50F59CB21B1890CB0008FD57 /* fair.gif */; };
		50F59CD01B1890CB0008FD57 /* foggy.gif in Resources */ = {isa = PBXBuildFile; fileRef = 50F59CB31B1890CB0008FD57 /* foggy.gif */; };
		50F59CD11B1890CB0008FD57 /* haze.gif in Resources */ = {isa = PBXBuildFile; fileRef = 50F59CB41B1890CB0008FD57 /* haze.gif */; };
		50F59CD21B1890CB0008FD57 /* hurricane.gif in Resources */ = {isa = PBXBuildFile; fileRef = 50F59CB51B1890CB0008FD57 /* hurricane.gif */; };
		50F59CD31B1890CB0008FD57 /* partly_cloudy_n.gif in Resources */ = {isa = PBXBuildFile; fileRef = 50F59CB61B1890CB0008FD57 /* partly_cloudy_n.gif */; };
		50F59CD41B1890CB0008FD57 /* partly_cloudy.gif in Resources */ = {isa = PBXBuildFile; fileRef = 50F59CB71B1890CB0008FD57 /* partly_cloudy.gif */; };
		50F59CD51B1890CB0008FD57 /* partly_cloudy1.gif in Resources */ = {isa = PBXBuildFile; fileRef = 50F59CB81B1890CB0008FD57 /* partly_cloudy1.gif */; };
		50F59CD61B1890CB0008FD57 /* rain_snow.gif in Resources */ = {isa = PBXBuildFile; fileRef = 50F59CB91B1890CB0008FD57 /* rain_snow.gif */; };
		50F59CD71B1890CB0008FD57 /* rainy_n.gif in Resources */ = {isa = PBXBuildFile; fileRef = 50F59CBA1B1890CB0008FD57 /* rainy_n.gif */; };
		50F59CD81B1890CB0008FD57 /* rainy.gif in Resources */ = {isa = PBXBuildFile; fileRef = 50F59CBB1B1890CB0008FD57 /* rainy.gif */; };
		50F59CD91B1890CB0008FD57 /* rainy1.gif in Resources */ = {isa = PBXBuildFile; fileRef = 50F59CBC1B1890CB0008FD57 /* rainy1.gif */; };
		50F59CDA1B1890CB0008FD57 /* shower.gif in Resources */ = {isa = PBXBuildFile; fileRef = 50F59CBD1B1890CB0008FD57 /* shower.gif */; };
		50F59CDB1B1890CB0008FD57 /* smoky.gif in Resources */ = {isa = PBXBuildFile; fileRef = 50F59CBE1B1890CB0008FD57 /* smoky.gif */; };
		50F59CDC1B1890CB0008FD57 /* snow.gif in Resources */ = {isa = PBXBuildFile; fileRef = 50F59CBF1B1890CB0008FD57 /* snow.gif */; };
		50F59CDD1B1890CB0008FD57 /* sunny.png in Resources */ = {isa = PBXBuildFile; fileRef = 50F59CC01B1890CB0008FD57 /* sunny.png */; };
		50F59CDE1B1890CB0008FD57 /* sunny1.gif in Resources */ = {isa = PBXBuildFile; fileRef = 50F59CC11B1890CB0008FD57 /* sunny1.gif */; };
		50F59CDF1B1890CB0008FD57 /* thunderstorms.gif in Resources */ = {isa = PBXBuildFile; fileRef = 50F59CC21B1890CB0008FD57 /* thunderstorms.gif */; };
		50F59CE01B1890CB0008FD57 /* thunderstorms1.gif in Resources */ = {isa = PBXBuildFile; fileRef = 50F59CC31B1890CB0008FD57 /* thunderstorms1.gif */; };
		50F59CE11B1890CB0008FD57 /* thunderstorms2.gif in Resources */ = {isa = PBXBuildFile; fileRef = 50F59CC41B1890CB0008FD57 /* thunderstorms2.gif */; };
		50F59CE21B1890CB0008FD57 /* thunderstorms3.gif in Resources */ = {isa = PBXBuildFile; fileRef = 50F59CC51B1890CB0008FD57 /* thunderstorms3.gif */; };
		50F59CE31B1890CB0008FD57 /* thunderstorms4.gif in Resources */ = {isa = PBXBuildFile; fileRef = 50F59CC61B1890CB0008FD57 /* thunderstorms4.gif */; };
		50F59CE41B1890CB0008FD57 /* tornado.gif in Resources */ = {isa = PBXBuildFile; fileRef = 50F59CC71B1890CB0008FD57 /* tornado.gif */; };
		50F59CE51B1890CB0008FD57 /* windy.gif in Resources */ = {isa = PBXBuildFile; fileRef = 50F59CC81B1890CB0008FD57 /* windy.gif */; };
		50F59CE61B1890CB0008FD57 /* windy1.gif in Resources */ = {isa = PBXBuildFile; fileRef = 50F59CC91B1890CB0008FD57 /* windy1.gif */; };
		50F59CE71B1890CB0008FD57 /* windy2.gif in Resources */ = {isa = PBXBuildFile; fileRef = 50F59CCA1B1890CB0008FD57 /* windy2.gif */; };
		F218CC9EF0E8D0C1D5E4DF01 /* Pods_WeatherFront.framework in Frameworks */ = {isa = PBXBuildFile; fileRef = 36AE743E91980A3DAF682B3E /* Pods_WeatherFront.framework */; };
/* End PBXBuildFile section */

/* Begin PBXContainerItemProxy section */
		50F59C951B15C4070008FD57 /* PBXContainerItemProxy */ = {
			isa = PBXContainerItemProxy;
			containerPortal = 50F59C771B15C4060008FD57 /* Project object */;
			proxyType = 1;
			remoteGlobalIDString = 50F59C7E1B15C4060008FD57;
			remoteInfo = WeatherFront;
		};
/* End PBXContainerItemProxy section */

/* Begin PBXFileReference section */
		36AE743E91980A3DAF682B3E /* Pods_WeatherFront.framework */ = {isa = PBXFileReference; explicitFileType = wrapper.framework; includeInIndex = 0; path = Pods_WeatherFront.framework; sourceTree = BUILT_PRODUCTS_DIR; };
		410073BC56BFC27CB6BCEC6C /* Pods-WeatherFront.release.xcconfig */ = {isa = PBXFileReference; includeInIndex = 1; lastKnownFileType = text.xcconfig; name = "Pods-WeatherFront.release.xcconfig"; path = "Pods/Target Support Files/Pods-WeatherFront/Pods-WeatherFront.release.xcconfig"; sourceTree = "<group>"; };
		50F59C7F1B15C4060008FD57 /* WeatherFront.app */ = {isa = PBXFileReference; explicitFileType = wrapper.application; includeInIndex = 0; path = WeatherFront.app; sourceTree = BUILT_PRODUCTS_DIR; };
		50F59C831B15C4060008FD57 /* Info.plist */ = {isa = PBXFileReference; lastKnownFileType = text.plist.xml; path = Info.plist; sourceTree = "<group>"; };
		50F59C841B15C4060008FD57 /* AppDelegate.swift */ = {isa = PBXFileReference; lastKnownFileType = sourcecode.swift; path = AppDelegate.swift; sourceTree = "<group>"; };
		50F59C861B15C4060008FD57 /* ViewController.swift */ = {isa = PBXFileReference; lastKnownFileType = sourcecode.swift; path = ViewController.swift; sourceTree = "<group>"; };
		50F59C891B15C4060008FD57 /* Base */ = {isa = PBXFileReference; lastKnownFileType = file.storyboard; name = Base; path = Base.lproj/Main.storyboard; sourceTree = "<group>"; };
		50F59C8B1B15C4060008FD57 /* Images.xcassets */ = {isa = PBXFileReference; lastKnownFileType = folder.assetcatalog; path = Images.xcassets; sourceTree = "<group>"; };
		50F59C8E1B15C4060008FD57 /* Base */ = {isa = PBXFileReference; lastKnownFileType = file.xib; name = Base; path = Base.lproj/LaunchScreen.xib; sourceTree = "<group>"; };
		50F59C941B15C4070008FD57 /* WeatherFrontTests.xctest */ = {isa = PBXFileReference; explicitFileType = wrapper.cfbundle; includeInIndex = 0; path = WeatherFrontTests.xctest; sourceTree = BUILT_PRODUCTS_DIR; };
		50F59C991B15C4070008FD57 /* Info.plist */ = {isa = PBXFileReference; lastKnownFileType = text.plist.xml; path = Info.plist; sourceTree = "<group>"; };
		50F59C9A1B15C4070008FD57 /* WeatherFrontTests.swift */ = {isa = PBXFileReference; lastKnownFileType = sourcecode.swift; path = WeatherFrontTests.swift; sourceTree = "<group>"; };
		50F59CA41B15C5F00008FD57 /* WeatherDataSource.swift */ = {isa = PBXFileReference; fileEncoding = 4; lastKnownFileType = sourcecode.swift; path = WeatherDataSource.swift; sourceTree = "<group>"; };
		50F59CA81B15C6A00008FD57 /* DestinationUIViewController.swift */ = {isa = PBXFileReference; fileEncoding = 4; lastKnownFileType = sourcecode.swift; path = DestinationUIViewController.swift; sourceTree = "<group>"; };
		50F59CAC1B16268D0008FD57 /* YUI.swift */ = {isa = PBXFileReference; fileEncoding = 4; lastKnownFileType = sourcecode.swift; path = YUI.swift; sourceTree = "<group>"; };
		50F59CAE1B1890CB0008FD57 /* clear_n.gif */ = {isa = PBXFileReference; lastKnownFileType = image.gif; path = clear_n.gif; sourceTree = "<group>"; };
		50F59CAF1B1890CB0008FD57 /* drizzle.gif */ = {isa = PBXFileReference; lastKnownFileType = image.gif; path = drizzle.gif; sourceTree = "<group>"; };
		50F59CB01B1890CB0008FD57 /* dust.gif */ = {isa = PBXFileReference; lastKnownFileType = image.gif; path = dust.gif; sourceTree = "<group>"; };
		50F59CB11B1890CB0008FD57 /* fair_n.gif */ = {isa = PBXFileReference; lastKnownFileType = image.gif; path = fair_n.gif; sourceTree = "<group>"; };
		50F59CB21B1890CB0008FD57 /* fair.gif */ = {isa = PBXFileReference; lastKnownFileType = image.gif; path = fair.gif; sourceTree = "<group>"; };
		50F59CB31B1890CB0008FD57 /* foggy.gif */ = {isa = PBXFileReference; lastKnownFileType = image.gif; path = foggy.gif; sourceTree = "<group>"; };
		50F59CB41B1890CB0008FD57 /* haze.gif */ = {isa = PBXFileReference; lastKnownFileType = image.gif; path = haze.gif; sourceTree = "<group>"; };
		50F59CB51B1890CB0008FD57 /* hurricane.gif */ = {isa = PBXFileReference; lastKnownFileType = image.gif; path = hurricane.gif; sourceTree = "<group>"; };
		50F59CB61B1890CB0008FD57 /* partly_cloudy_n.gif */ = {isa = PBXFileReference; lastKnownFileType = image.gif; path = partly_cloudy_n.gif; sourceTree = "<group>"; };
		50F59CB71B1890CB0008FD57 /* partly_cloudy.gif */ = {isa = PBXFileReference; lastKnownFileType = image.gif; path = partly_cloudy.gif; sourceTree = "<group>"; };
		50F59CB81B1890CB0008FD57 /* partly_cloudy1.gif */ = {isa = PBXFileReference; lastKnownFileType = image.gif; path = partly_cloudy1.gif; sourceTree = "<group>"; };
		50F59CB91B1890CB0008FD57 /* rain_snow.gif */ = {isa = PBXFileReference; lastKnownFileType = image.gif; path = rain_snow.gif; sourceTree = "<group>"; };
		50F59CBA1B1890CB0008FD57 /* rainy_n.gif */ = {isa = PBXFileReference; lastKnownFileType = image.gif; path = rainy_n.gif; sourceTree = "<group>"; };
		50F59CBB1B1890CB0008FD57 /* rainy.gif */ = {isa = PBXFileReference; lastKnownFileType = image.gif; path = rainy.gif; sourceTree = "<group>"; };
		50F59CBC1B1890CB0008FD57 /* rainy1.gif */ = {isa = PBXFileReference; lastKnownFileType = image.gif; path = rainy1.gif; sourceTree = "<group>"; };
		50F59CBD1B1890CB0008FD57 /* shower.gif */ = {isa = PBXFileReference; lastKnownFileType = image.gif; path = shower.gif; sourceTree = "<group>"; };
		50F59CBE1B1890CB0008FD57 /* smoky.gif */ = {isa = PBXFileReference; lastKnownFileType = image.gif; path = smoky.gif; sourceTree = "<group>"; };
		50F59CBF1B1890CB0008FD57 /* snow.gif */ = {isa = PBXFileReference; lastKnownFileType = image.gif; path = snow.gif; sourceTree = "<group>"; };
		50F59CC01B1890CB0008FD57 /* sunny.png */ = {isa = PBXFileReference; lastKnownFileType = image.png; path = sunny.png; sourceTree = "<group>"; };
		50F59CC11B1890CB0008FD57 /* sunny1.gif */ = {isa = PBXFileReference; lastKnownFileType = image.gif; path = sunny1.gif; sourceTree = "<group>"; };
		50F59CC21B1890CB0008FD57 /* thunderstorms.gif */ = {isa = PBXFileReference; lastKnownFileType = image.gif; path = thunderstorms.gif; sourceTree = "<group>"; };
		50F59CC31B1890CB0008FD57 /* thunderstorms1.gif */ = {isa = PBXFileReference; lastKnownFileType = image.gif; path = thunderstorms1.gif; sourceTree = "<group>"; };
		50F59CC41B1890CB0008FD57 /* thunderstorms2.gif */ = {isa = PBXFileReference; lastKnownFileType = image.gif; path = thunderstorms2.gif; sourceTree = "<group>"; };
		50F59CC51B1890CB0008FD57 /* thunderstorms3.gif */ = {isa = PBXFileReference; lastKnownFileType = image.gif; path = thunderstorms3.gif; sourceTree = "<group>"; };
		50F59CC61B1890CB0008FD57 /* thunderstorms4.gif */ = {isa = PBXFileReference; lastKnownFileType = image.gif; path = thunderstorms4.gif; sourceTree = "<group>"; };
		50F59CC71B1890CB0008FD57 /* tornado.gif */ = {isa = PBXFileReference; lastKnownFileType = image.gif; path = tornado.gif; sourceTree = "<group>"; };
		50F59CC81B1890CB0008FD57 /* windy.gif */ = {isa = PBXFileReference; lastKnownFileType = image.gif; path = windy.gif; sourceTree = "<group>"; };
		50F59CC91B1890CB0008FD57 /* windy1.gif */ = {isa = PBXFileReference; lastKnownFileType = image.gif; path = windy1.gif; sourceTree = "<group>"; };
		50F59CCA1B1890CB0008FD57 /* windy2.gif */ = {isa = PBXFileReference; lastKnownFileType = image.gif; path = windy2.gif; sourceTree = "<group>"; };
		85A6965770B05F69D48E6C58 /* Pods-WeatherFront.debug.xcconfig */ = {isa = PBXFileReference; includeInIndex = 1; lastKnownFileType = text.xcconfig; name = "Pods-WeatherFront.debug.xcconfig"; path = "Pods/Target Support Files/Pods-WeatherFront/Pods-WeatherFront.debug.xcconfig"; sourceTree = "<group>"; };
/* End PBXFileReference section */

/* Begin PBXFrameworksBuildPhase section */
		50F59C7C1B15C4060008FD57 /* Frameworks */ = {
			isa = PBXFrameworksBuildPhase;
			buildActionMask = 2147483647;
			files = (
				F218CC9EF0E8D0C1D5E4DF01 /* Pods_WeatherFront.framework in Frameworks */,
			);
			runOnlyForDeploymentPostprocessing = 0;
		};
		50F59C911B15C4070008FD57 /* Frameworks */ = {
			isa = PBXFrameworksBuildPhase;
			buildActionMask = 2147483647;
			files = (
			);
			runOnlyForDeploymentPostprocessing = 0;
		};
/* End PBXFrameworksBuildPhase section */

/* Begin PBXGroup section */
		182C1DDE1A19C0E15D7D59BF /* Frameworks */ = {
			isa = PBXGroup;
			children = (
				36AE743E91980A3DAF682B3E /* Pods_WeatherFront.framework */,
			);
			name = Frameworks;
			sourceTree = "<group>";
		};
		50F59C761B15C4060008FD57 = {
			isa = PBXGroup;
			children = (
				50F59C811B15C4060008FD57 /* WeatherFront */,
				50F59C971B15C4070008FD57 /* WeatherFrontTests */,
				50F59C801B15C4060008FD57 /* Products */,
				884A99CF2ED066442901CEA7 /* Pods */,
				182C1DDE1A19C0E15D7D59BF /* Frameworks */,
			);
			sourceTree = "<group>";
		};
		50F59C801B15C4060008FD57 /* Products */ = {
			isa = PBXGroup;
			children = (
				50F59C7F1B15C4060008FD57 /* WeatherFront.app */,
				50F59C941B15C4070008FD57 /* WeatherFrontTests.xctest */,
			);
			name = Products;
			sourceTree = "<group>";
		};
		50F59C811B15C4060008FD57 /* WeatherFront */ = {
			isa = PBXGroup;
			children = (
				50F59C861B15C4060008FD57 /* ViewController.swift */,
				50F59CA81B15C6A00008FD57 /* DestinationUIViewController.swift */,
				50F59CA41B15C5F00008FD57 /* WeatherDataSource.swift */,
				50F59CAC1B16268D0008FD57 /* YUI.swift */,
				50F59C881B15C4060008FD57 /* Main.storyboard */,
				50F59C821B15C4060008FD57 /* Supporting Files */,
			);
			path = WeatherFront;
			sourceTree = "<group>";
		};
		50F59C821B15C4060008FD57 /* Supporting Files */ = {
			isa = PBXGroup;
			children = (
				50F59C8B1B15C4060008FD57 /* Images.xcassets */,
				50F59CE81B1891670008FD57 /* weather_images */,
				50F59C8D1B15C4060008FD57 /* LaunchScreen.xib */,
				50F59C841B15C4060008FD57 /* AppDelegate.swift */,
				50F59C831B15C4060008FD57 /* Info.plist */,
			);
			name = "Supporting Files";
			sourceTree = "<group>";
		};
		50F59C971B15C4070008FD57 /* WeatherFrontTests */ = {
			isa = PBXGroup;
			children = (
				50F59C9A1B15C4070008FD57 /* WeatherFrontTests.swift */,
				50F59C981B15C4070008FD57 /* Supporting Files */,
			);
			path = WeatherFrontTests;
			sourceTree = "<group>";
		};
		50F59C981B15C4070008FD57 /* Supporting Files */ = {
			isa = PBXGroup;
			children = (
				50F59C991B15C4070008FD57 /* Info.plist */,
			);
			name = "Supporting Files";
			sourceTree = "<group>";
		};
		50F59CE81B1891670008FD57 /* weather_images */ = {
			isa = PBXGroup;
			children = (
				50F59CAE1B1890CB0008FD57 /* clear_n.gif */,
				50F59CAF1B1890CB0008FD57 /* drizzle.gif */,
				50F59CB01B1890CB0008FD57 /* dust.gif */,
				50F59CB11B1890CB0008FD57 /* fair_n.gif */,
				50F59CB21B1890CB0008FD57 /* fair.gif */,
				50F59CB31B1890CB0008FD57 /* foggy.gif */,
				50F59CB41B1890CB0008FD57 /* haze.gif */,
				50F59CB51B1890CB0008FD57 /* hurricane.gif */,
				50F59CB61B1890CB0008FD57 /* partly_cloudy_n.gif */,
				50F59CB71B1890CB0008FD57 /* partly_cloudy.gif */,
				50F59CB81B1890CB0008FD57 /* partly_cloudy1.gif */,
				50F59CB91B1890CB0008FD57 /* rain_snow.gif */,
				50F59CBA1B1890CB0008FD57 /* rainy_n.gif */,
				50F59CBB1B1890CB0008FD57 /* rainy.gif */,
				50F59CBC1B1890CB0008FD57 /* rainy1.gif */,
				50F59CBD1B1890CB0008FD57 /* shower.gif */,
				50F59CBE1B1890CB0008FD57 /* smoky.gif */,
				50F59CBF1B1890CB0008FD57 /* snow.gif */,
				50F59CC01B1890CB0008FD57 /* sunny.png */,
				50F59CC11B1890CB0008FD57 /* sunny1.gif */,
				50F59CC21B1890CB0008FD57 /* thunderstorms.gif */,
				50F59CC31B1890CB0008FD57 /* thunderstorms1.gif */,
				50F59CC41B1890CB0008FD57 /* thunderstorms2.gif */,
				50F59CC51B1890CB0008FD57 /* thunderstorms3.gif */,
				50F59CC61B1890CB0008FD57 /* thunderstorms4.gif */,
				50F59CC71B1890CB0008FD57 /* tornado.gif */,
				50F59CC81B1890CB0008FD57 /* windy.gif */,
				50F59CC91B1890CB0008FD57 /* windy1.gif */,
				50F59CCA1B1890CB0008FD57 /* windy2.gif */,
			);
			name = weather_images;
			sourceTree = "<group>";
		};
		884A99CF2ED066442901CEA7 /* Pods */ = {
			isa = PBXGroup;
			children = (
				85A6965770B05F69D48E6C58 /* Pods-WeatherFront.debug.xcconfig */,
				410073BC56BFC27CB6BCEC6C /* Pods-WeatherFront.release.xcconfig */,
			);
			name = Pods;
			sourceTree = "<group>";
		};
/* End PBXGroup section */

/* Begin PBXNativeTarget section */
		50F59C7E1B15C4060008FD57 /* WeatherFront */ = {
			isa = PBXNativeTarget;
			buildConfigurationList = 50F59C9E1B15C4070008FD57 /* Build configuration list for PBXNativeTarget "WeatherFront" */;
			buildPhases = (
				DAAA447CEDBB1C9F29656A4E /* [CP] Check Pods Manifest.lock */,
				50F59C7B1B15C4060008FD57 /* Sources */,
				50F59C7C1B15C4060008FD57 /* Frameworks */,
				50F59C7D1B15C4060008FD57 /* Resources */,
				4BD2AD0627B4409A66BE31F1 /* [CP] Embed Pods Frameworks */,
				EA91197C170EFA2EF2CE9B1B /* [CP] Copy Pods Resources */,
			);
			buildRules = (
			);
			dependencies = (
			);
			name = WeatherFront;
			productName = WeatherFront;
			productReference = 50F59C7F1B15C4060008FD57 /* WeatherFront.app */;
			productType = "com.apple.product-type.application";
		};
		50F59C931B15C4070008FD57 /* WeatherFrontTests */ = {
			isa = PBXNativeTarget;
			buildConfigurationList = 50F59CA11B15C4070008FD57 /* Build configuration list for PBXNativeTarget "WeatherFrontTests" */;
			buildPhases = (
				50F59C901B15C4070008FD57 /* Sources */,
				50F59C911B15C4070008FD57 /* Frameworks */,
				50F59C921B15C4070008FD57 /* Resources */,
			);
			buildRules = (
			);
			dependencies = (
				50F59C961B15C4070008FD57 /* PBXTargetDependency */,
			);
			name = WeatherFrontTests;
			productName = WeatherFrontTests;
			productReference = 50F59C941B15C4070008FD57 /* WeatherFrontTests.xctest */;
			productType = "com.apple.product-type.bundle.unit-test";
		};
/* End PBXNativeTarget section */

/* Begin PBXProject section */
		50F59C771B15C4060008FD57 /* Project object */ = {
			isa = PBXProject;
			attributes = {
				LastUpgradeCheck = 0800;
				ORGANIZATIONNAME = "轲阳 郑";
				TargetAttributes = {
					50F59C7E1B15C4060008FD57 = {
						CreatedOnToolsVersion = 6.3.2;
						LastSwiftMigration = 0800;
					};
					50F59C931B15C4070008FD57 = {
						CreatedOnToolsVersion = 6.3.2;
						LastSwiftMigration = 0800;
						TestTargetID = 50F59C7E1B15C4060008FD57;
					};
				};
			};
			buildConfigurationList = 50F59C7A1B15C4060008FD57 /* Build configuration list for PBXProject "WeatherFront" */;
			compatibilityVersion = "Xcode 3.2";
			developmentRegion = English;
			hasScannedForEncodings = 0;
			knownRegions = (
				en,
				Base,
			);
			mainGroup = 50F59C761B15C4060008FD57;
			productRefGroup = 50F59C801B15C4060008FD57 /* Products */;
			projectDirPath = "";
			projectRoot = "";
			targets = (
				50F59C7E1B15C4060008FD57 /* WeatherFront */,
				50F59C931B15C4070008FD57 /* WeatherFrontTests */,
			);
		};
/* End PBXProject section */

/* Begin PBXResourcesBuildPhase section */
		50F59C7D1B15C4060008FD57 /* Resources */ = {
			isa = PBXResourcesBuildPhase;
			buildActionMask = 2147483647;
			files = (
				50F59CD51B1890CB0008FD57 /* partly_cloudy1.gif in Resources */,
				50F59CCE1B1890CB0008FD57 /* fair_n.gif in Resources */,
				50F59CE01B1890CB0008FD57 /* thunderstorms1.gif in Resources */,
				50F59CDE1B1890CB0008FD57 /* sunny1.gif in Resources */,
				50F59CE11B1890CB0008FD57 /* thunderstorms2.gif in Resources */,
				50F59CD61B1890CB0008FD57 /* rain_snow.gif in Resources */,
				50F59C8A1B15C4060008FD57 /* Main.storyboard in Resources */,
				50F59CDA1B1890CB0008FD57 /* shower.gif in Resources */,
				50F59CD81B1890CB0008FD57 /* rainy.gif in Resources */,
				50F59CDF1B1890CB0008FD57 /* thunderstorms.gif in Resources */,
				50F59CD11B1890CB0008FD57 /* haze.gif in Resources */,
				50F59CE71B1890CB0008FD57 /* windy2.gif in Resources */,
				50F59CD91B1890CB0008FD57 /* rainy1.gif in Resources */,
				50F59CD31B1890CB0008FD57 /* partly_cloudy_n.gif in Resources */,
				50F59CCC1B1890CB0008FD57 /* drizzle.gif in Resources */,
				50F59CDC1B1890CB0008FD57 /* snow.gif in Resources */,
				50F59CD01B1890CB0008FD57 /* foggy.gif in Resources */,
				50F59CE61B1890CB0008FD57 /* windy1.gif in Resources */,
				50F59CE21B1890CB0008FD57 /* thunderstorms3.gif in Resources */,
				50F59C8F1B15C4060008FD57 /* LaunchScreen.xib in Resources */,
				50F59CD21B1890CB0008FD57 /* hurricane.gif in Resources */,
				50F59CD41B1890CB0008FD57 /* partly_cloudy.gif in Resources */,
				50F59CE31B1890CB0008FD57 /* thunderstorms4.gif in Resources */,
				50F59C8C1B15C4060008FD57 /* Images.xcassets in Resources */,
				50F59CCD1B1890CB0008FD57 /* dust.gif in Resources */,
				50F59CDB1B1890CB0008FD57 /* smoky.gif in Resources */,
				50F59CCF1B1890CB0008FD57 /* fair.gif in Resources */,
				50F59CE41B1890CB0008FD57 /* tornado.gif in Resources */,
				50F59CCB1B1890CB0008FD57 /* clear_n.gif in Resources */,
				50F59CD71B1890CB0008FD57 /* rainy_n.gif in Resources */,
				50F59CE51B1890CB0008FD57 /* windy.gif in Resources */,
				50F59CDD1B1890CB0008FD57 /* sunny.png in Resources */,
			);
			runOnlyForDeploymentPostprocessing = 0;
		};
		50F59C921B15C4070008FD57 /* Resources */ = {
			isa = PBXResourcesBuildPhase;
			buildActionMask = 2147483647;
			files = (
			);
			runOnlyForDeploymentPostprocessing = 0;
		};
/* End PBXResourcesBuildPhase section */

/* Begin PBXShellScriptBuildPhase section */
		4BD2AD0627B4409A66BE31F1 /* [CP] Embed Pods Frameworks */ = {
			isa = PBXShellScriptBuildPhase;
			buildActionMask = 2147483647;
			files = (
			);
			inputPaths = (
			);
			name = "[CP] Embed Pods Frameworks";
			outputPaths = (
			);
			runOnlyForDeploymentPostprocessing = 0;
			shellPath = /bin/sh;
			shellScript = "\"${SRCROOT}/Pods/Target Support Files/Pods-WeatherFront/Pods-WeatherFront-frameworks.sh\"\n";
			showEnvVarsInLog = 0;
		};
		DAAA447CEDBB1C9F29656A4E /* [CP] Check Pods Manifest.lock */ = {
			isa = PBXShellScriptBuildPhase;
			buildActionMask = 2147483647;
			files = (
			);
			inputPaths = (
			);
			name = "[CP] Check Pods Manifest.lock";
			outputPaths = (
			);
			runOnlyForDeploymentPostprocessing = 0;
			shellPath = /bin/sh;
			shellScript = "diff \"${PODS_ROOT}/../Podfile.lock\" \"${PODS_ROOT}/Manifest.lock\" > /dev/null\nif [[ $? != 0 ]] ; then\n    cat << EOM\nerror: The sandbox is not in sync with the Podfile.lock. Run 'pod install' or update your CocoaPods installation.\nEOM\n    exit 1\nfi\n";
			showEnvVarsInLog = 0;
		};
		EA91197C170EFA2EF2CE9B1B /* [CP] Copy Pods Resources */ = {
			isa = PBXShellScriptBuildPhase;
			buildActionMask = 2147483647;
			files = (
			);
			inputPaths = (
			);
			name = "[CP] Copy Pods Resources";
			outputPaths = (
			);
			runOnlyForDeploymentPostprocessing = 0;
			shellPath = /bin/sh;
			shellScript = "\"${SRCROOT}/Pods/Target Support Files/Pods-WeatherFront/Pods-WeatherFront-resources.sh\"\n";
			showEnvVarsInLog = 0;
		};
/* End PBXShellScriptBuildPhase section */

/* Begin PBXSourcesBuildPhase section */
		50F59C7B1B15C4060008FD57 /* Sources */ = {
			isa = PBXSourcesBuildPhase;
			buildActionMask = 2147483647;
			files = (
				50F59CAD1B16268D0008FD57 /* YUI.swift in Sources */,
				50F59C871B15C4060008FD57 /* ViewController.swift in Sources */,
				50F59C851B15C4060008FD57 /* AppDelegate.swift in Sources */,
				50F59CA91B15C6A00008FD57 /* DestinationUIViewController.swift in Sources */,
				50F59CA51B15C5F00008FD57 /* WeatherDataSource.swift in Sources */,
			);
			runOnlyForDeploymentPostprocessing = 0;
		};
		50F59C901B15C4070008FD57 /* Sources */ = {
			isa = PBXSourcesBuildPhase;
			buildActionMask = 2147483647;
			files = (
				50F59C9B1B15C4070008FD57 /* WeatherFrontTests.swift in Sources */,
			);
			runOnlyForDeploymentPostprocessing = 0;
		};
/* End PBXSourcesBuildPhase section */

/* Begin PBXTargetDependency section */
		50F59C961B15C4070008FD57 /* PBXTargetDependency */ = {
			isa = PBXTargetDependency;
			target = 50F59C7E1B15C4060008FD57 /* WeatherFront */;
			targetProxy = 50F59C951B15C4070008FD57 /* PBXContainerItemProxy */;
		};
/* End PBXTargetDependency section */

/* Begin PBXVariantGroup section */
		50F59C881B15C4060008FD57 /* Main.storyboard */ = {
			isa = PBXVariantGroup;
			children = (
				50F59C891B15C4060008FD57 /* Base */,
			);
			name = Main.storyboard;
			sourceTree = "<group>";
		};
		50F59C8D1B15C4060008FD57 /* LaunchScreen.xib */ = {
			isa = PBXVariantGroup;
			children = (
				50F59C8E1B15C4060008FD57 /* Base */,
			);
			name = LaunchScreen.xib;
			sourceTree = "<group>";
		};
/* End PBXVariantGroup section */

/* Begin XCBuildConfiguration section */
		50F59C9C1B15C4070008FD57 /* Debug */ = {
			isa = XCBuildConfiguration;
			buildSettings = {
				ALWAYS_SEARCH_USER_PATHS = NO;
				CLANG_CXX_LANGUAGE_STANDARD = "gnu++0x";
				CLANG_CXX_LIBRARY = "libc++";
				CLANG_ENABLE_MODULES = YES;
				CLANG_ENABLE_OBJC_ARC = YES;
				CLANG_WARN_BOOL_CONVERSION = YES;
				CLANG_WARN_CONSTANT_CONVERSION = YES;
				CLANG_WARN_DIRECT_OBJC_ISA_USAGE = YES_ERROR;
				CLANG_WARN_EMPTY_BODY = YES;
				CLANG_WARN_ENUM_CONVERSION = YES;
				CLANG_WARN_INFINITE_RECURSION = YES;
				CLANG_WARN_INT_CONVERSION = YES;
				CLANG_WARN_OBJC_ROOT_CLASS = YES_ERROR;
				CLANG_WARN_SUSPICIOUS_MOVE = YES;
				CLANG_WARN_UNREACHABLE_CODE = YES;
				CLANG_WARN__DUPLICATE_METHOD_MATCH = YES;
				"CODE_SIGN_IDENTITY[sdk=iphoneos*]" = "iPhone Developer";
				COPY_PHASE_STRIP = NO;
				DEBUG_INFORMATION_FORMAT = "dwarf-with-dsym";
				ENABLE_STRICT_OBJC_MSGSEND = YES;
				ENABLE_TESTABILITY = YES;
				GCC_C_LANGUAGE_STANDARD = gnu99;
				GCC_DYNAMIC_NO_PIC = NO;
				GCC_NO_COMMON_BLOCKS = YES;
				GCC_OPTIMIZATION_LEVEL = 0;
				GCC_PREPROCESSOR_DEFINITIONS = (
					"DEBUG=1",
					"$(inherited)",
				);
				GCC_SYMBOLS_PRIVATE_EXTERN = NO;
				GCC_WARN_64_TO_32_BIT_CONVERSION = YES;
				GCC_WARN_ABOUT_RETURN_TYPE = YES_ERROR;
				GCC_WARN_UNDECLARED_SELECTOR = YES;
				GCC_WARN_UNINITIALIZED_AUTOS = YES_AGGRESSIVE;
				GCC_WARN_UNUSED_FUNCTION = YES;
				GCC_WARN_UNUSED_VARIABLE = YES;
				IPHONEOS_DEPLOYMENT_TARGET = 8.3;
				MTL_ENABLE_DEBUG_INFO = YES;
				ONLY_ACTIVE_ARCH = YES;
				SDKROOT = iphoneos;
				SWIFT_OPTIMIZATION_LEVEL = "-Onone";
				TARGETED_DEVICE_FAMILY = "1,2";
			};
			name = Debug;
		};
		50F59C9D1B15C4070008FD57 /* Release */ = {
			isa = XCBuildConfiguration;
			buildSettings = {
				ALWAYS_SEARCH_USER_PATHS = NO;
				CLANG_CXX_LANGUAGE_STANDARD = "gnu++0x";
				CLANG_CXX_LIBRARY = "libc++";
				CLANG_ENABLE_MODULES = YES;
				CLANG_ENABLE_OBJC_ARC = YES;
				CLANG_WARN_BOOL_CONVERSION = YES;
				CLANG_WARN_CONSTANT_CONVERSION = YES;
				CLANG_WARN_DIRECT_OBJC_ISA_USAGE = YES_ERROR;
				CLANG_WARN_EMPTY_BODY = YES;
				CLANG_WARN_ENUM_CONVERSION = YES;
				CLANG_WARN_INFINITE_RECURSION = YES;
				CLANG_WARN_INT_CONVERSION = YES;
				CLANG_WARN_OBJC_ROOT_CLASS = YES_ERROR;
				CLANG_WARN_SUSPICIOUS_MOVE = YES;
				CLANG_WARN_UNREACHABLE_CODE = YES;
				CLANG_WARN__DUPLICATE_METHOD_MATCH = YES;
				"CODE_SIGN_IDENTITY[sdk=iphoneos*]" = "iPhone Developer";
				COPY_PHASE_STRIP = NO;
				DEBUG_INFORMATION_FORMAT = "dwarf-with-dsym";
				ENABLE_NS_ASSERTIONS = NO;
				ENABLE_STRICT_OBJC_MSGSEND = YES;
				GCC_C_LANGUAGE_STANDARD = gnu99;
				GCC_NO_COMMON_BLOCKS = YES;
				GCC_WARN_64_TO_32_BIT_CONVERSION = YES;
				GCC_WARN_ABOUT_RETURN_TYPE = YES_ERROR;
				GCC_WARN_UNDECLARED_SELECTOR = YES;
				GCC_WARN_UNINITIALIZED_AUTOS = YES_AGGRESSIVE;
				GCC_WARN_UNUSED_FUNCTION = YES;
				GCC_WARN_UNUSED_VARIABLE = YES;
				IPHONEOS_DEPLOYMENT_TARGET = 8.3;
				MTL_ENABLE_DEBUG_INFO = NO;
				SDKROOT = iphoneos;
				SWIFT_OPTIMIZATION_LEVEL = "-Owholemodule";
				TARGETED_DEVICE_FAMILY = "1,2";
				VALIDATE_PRODUCT = YES;
			};
			name = Release;
		};
		50F59C9F1B15C4070008FD57 /* Debug */ = {
			isa = XCBuildConfiguration;
			baseConfigurationReference = 85A6965770B05F69D48E6C58 /* Pods-WeatherFront.debug.xcconfig */;
			buildSettings = {
				ASSETCATALOG_COMPILER_APPICON_NAME = AppIcon;
				INFOPLIST_FILE = WeatherFront/Info.plist;
				LD_RUNPATH_SEARCH_PATHS = "$(inherited) @executable_path/Frameworks";
				PRODUCT_BUNDLE_IDENTIFIER = "info.zspensive.$(PRODUCT_NAME:rfc1034identifier)";
				PRODUCT_NAME = "$(TARGET_NAME)";
				SWIFT_VERSION = 3.0;
				TARGETED_DEVICE_FAMILY = "1,2";
			};
			name = Debug;
		};
		50F59CA01B15C4070008FD57 /* Release */ = {
			isa = XCBuildConfiguration;
			baseConfigurationReference = 410073BC56BFC27CB6BCEC6C /* Pods-WeatherFront.release.xcconfig */;
			buildSettings = {
				ASSETCATALOG_COMPILER_APPICON_NAME = AppIcon;
				INFOPLIST_FILE = WeatherFront/Info.plist;
				LD_RUNPATH_SEARCH_PATHS = "$(inherited) @executable_path/Frameworks";
				PRODUCT_BUNDLE_IDENTIFIER = "info.zspensive.$(PRODUCT_NAME:rfc1034identifier)";
				PRODUCT_NAME = "$(TARGET_NAME)";
				SWIFT_VERSION = 3.0;
				TARGETED_DEVICE_FAMILY = "1,2";
			};
			name = Release;
		};
		50F59CA21B15C4070008FD57 /* Debug */ = {
			isa = XCBuildConfiguration;
			buildSettings = {
				BUNDLE_LOADER = "$(TEST_HOST)";
				FRAMEWORK_SEARCH_PATHS = (
					"$(SDKROOT)/Developer/Library/Frameworks",
					"$(inherited)",
				);
				GCC_PREPROCESSOR_DEFINITIONS = (
					"DEBUG=1",
					"$(inherited)",
				);
				INFOPLIST_FILE = WeatherFrontTests/Info.plist;
				LD_RUNPATH_SEARCH_PATHS = "$(inherited) @executable_path/Frameworks @loader_path/Frameworks";
				PRODUCT_BUNDLE_IDENTIFIER = "info.zspensive.$(PRODUCT_NAME:rfc1034identifier)";
				PRODUCT_NAME = "$(TARGET_NAME)";
				SWIFT_VERSION = 3.0;
				TEST_HOST = "$(BUILT_PRODUCTS_DIR)/WeatherFront.app/WeatherFront";
			};
			name = Debug;
		};
		50F59CA31B15C4070008FD57 /* Release */ = {
			isa = XCBuildConfiguration;
			buildSettings = {
				BUNDLE_LOADER = "$(TEST_HOST)";
				FRAMEWORK_SEARCH_PATHS = (
					"$(SDKROOT)/Developer/Library/Frameworks",
					"$(inherited)",
				);
				INFOPLIST_FILE = WeatherFrontTests/Info.plist;
				LD_RUNPATH_SEARCH_PATHS = "$(inherited) @executable_path/Frameworks @loader_path/Frameworks";
				PRODUCT_BUNDLE_IDENTIFIER = "info.zspensive.$(PRODUCT_NAME:rfc1034identifier)";
				PRODUCT_NAME = "$(TARGET_NAME)";
				SWIFT_VERSION = 3.0;
				TEST_HOST = "$(BUILT_PRODUCTS_DIR)/WeatherFront.app/WeatherFront";
			};
			name = Release;
		};
/* End XCBuildConfiguration section */

/* Begin XCConfigurationList section */
		50F59C7A1B15C4060008FD57 /* Build configuration list for PBXProject "WeatherFront" */ = {
			isa = XCConfigurationList;
			buildConfigurations = (
				50F59C9C1B15C4070008FD57 /* Debug */,
				50F59C9D1B15C4070008FD57 /* Release */,
			);
			defaultConfigurationIsVisible = 0;
			defaultConfigurationName = Release;
		};
		50F59C9E1B15C4070008FD57 /* Build configuration list for PBXNativeTarget "WeatherFront" */ = {
			isa = XCConfigurationList;
			buildConfigurations = (
				50F59C9F1B15C4070008FD57 /* Debug */,
				50F59CA01B15C4070008FD57 /* Release */,
			);
			defaultConfigurationIsVisible = 0;
			defaultConfigurationName = Release;
		};
		50F59CA11B15C4070008FD57 /* Build configuration list for PBXNativeTarget "WeatherFrontTests" */ = {
			isa = XCConfigurationList;
			buildConfigurations = (
				50F59CA21B15C4070008FD57 /* Debug */,
				50F59CA31B15C4070008FD57 /* Release */,
			);
			defaultConfigurationIsVisible = 0;
			defaultConfigurationName = Release;
		};
/* End XCConfigurationList section */
	};
	rootObject = 50F59C771B15C4060008FD57 /* Project object */;
}
